{
	"requires": true,
	"lockfileVersion": 1,
	"dependencies": {
		"vue": {
			"version": "2.4.4",
			"resolved": "https://registry.npmjs.org/vue/-/vue-2.4.4.tgz",
			"integrity": "sha512-PCiRmc8ZT1DD5+BN8QUAmnkBefcCLfZVSuhc1u7iu5JoPrSHyyk/+4nehm7k2xVMi8+RFLk5WIHAN14UKF0txw=="
		},
		"vue-hot-reload-api": {
			"version": "2.1.1",
			"resolved": "https://registry.npmjs.org/vue-hot-reload-api/-/vue-hot-reload-api-2.1.1.tgz",
			"integrity": "sha512-oHuG8rOJ/b8wKVZJBx3HvLyOk9klqjUpjd6YlJQ1aHy1yGyBgy62BphQ13+Tuzsxl52ZNV5EQSvd385mTPMxdg=="
		}
	}
}
