{
	"name": "@rei/cdr-base-components",
	"version": "0.0.2",
	"lockfileVersion": 1,
	"requires": true,
	"dependencies": {
		"@rei/cdr-quote": {
			"version": "0.1.0",
			"resolved": "https://registry.npmjs.org/@rei/cdr-quote/-/cdr-quote-0.1.0.tgz",
			"integrity": "sha512-3SYcMaw9oLH9EnPK+jGtjp6bwYhNPX7wZTY6ByfY6k8yvuCBZL8Idc8rqBZbZPm83aAclIb5XMcX2OstCRp4YQ==",
			"requires": {
				"@rei/cdr-text": "0.2.0"
			},
			"dependencies": {
				"@rei/cdr-text": {
					"version": "0.2.0",
					"resolved": "https://registry.npmjs.org/@rei/cdr-text/-/cdr-text-0.2.0.tgz",
					"integrity": "sha512-4OXGpu0IAlV/jc4HHO+vzjNuoBAZD+WHFqZ7uI5nt9KiR4n2gYaPz8j5Osw2rI/YvqSv+Pk95EOW/rwQjhlQrg=="
				}
			}
		},
		"@rei/cdr-text": {
			"version": "0.0.1",
			"resolved": "https://registry.npmjs.org/@rei/cdr-text/-/cdr-text-0.0.1.tgz",
			"integrity": "sha512-71i+2NEEUCiKfingEkqvlcm5QrE0mLkP7CQjWB2KawpmlagNweM37RYQqZmV1s+WltIiGqJ+El2TvFF0H1reYA=="
		},
		"pkg-ok": {
			"version": "1.1.0",
			"resolved": "https://registry.npmjs.org/pkg-ok/-/pkg-ok-1.1.0.tgz",
			"integrity": "sha1-Bpi2bSSBg/fj8lKSYu6s3/fO83E=",
			"dev": true
		}
	}
}
