# THIS IS AN AUTOGENERATED FILE. DO NOT EDIT THIS FILE DIRECTLY.
# yarn lockfile v1


"@rei/cdr-a@^0.0.1":
  version "0.0.1"
  resolved "https://registry.yarnpkg.com/@rei/cdr-a/-/cdr-a-0.0.1.tgz#22265a3a5f85bf0b24f60584659018d0594ec0b6"

"@rei/cdr-button@^0.0.1":
  version "0.0.1"
  resolved "https://registry.yarnpkg.com/@rei/cdr-button/-/cdr-button-0.0.1.tgz#7f066cf0b890e096db6a7e08e1e328926a84cb45"

"@rei/cdr-card@^0.0.1":
  version "0.0.1"
  resolved "https://registry.yarnpkg.com/@rei/cdr-card/-/cdr-card-0.0.1.tgz#c307195fd69feac4d544065b30c85665f388588a"

"@rei/cdr-checkbox@^0.0.1":
  version "0.0.1"
  resolved "https://registry.yarnpkg.com/@rei/cdr-checkbox/-/cdr-checkbox-0.0.1.tgz#29ad23463981a60b84ff33793cba50db42fa33e3"

"@rei/cdr-col@^0.0.1":
  version "0.0.1"
  resolved "https://registry.yarnpkg.com/@rei/cdr-col/-/cdr-col-0.0.1.tgz#7779f0273faa1462076b95bfc54739eae0eebbba"

"@rei/cdr-heading@^0.0.1":
  version "0.0.1"
  resolved "https://registry.yarnpkg.com/@rei/cdr-heading/-/cdr-heading-0.0.1.tgz#d18306f4d786db702ed3c1918d391f32ddea733d"

"@rei/cdr-icon@^0.0.1":
  version "0.0.1"
  resolved "https://registry.yarnpkg.com/@rei/cdr-icon/-/cdr-icon-0.0.1.tgz#089504c4261065dfbe6efb0187909473ab4499c2"

"@rei/cdr-img@^0.0.1":
  version "0.0.1"
  resolved "https://registry.yarnpkg.com/@rei/cdr-img/-/cdr-img-0.0.1.tgz#c768e72782441e2f713edcb273e2032d2dab9a6a"

"@rei/cdr-input@^0.0.1":
  version "0.0.1"
  resolved "https://registry.yarnpkg.com/@rei/cdr-input/-/cdr-input-0.0.1.tgz#3772437b6403966a4455f3fb9a591145f3aada62"

"@rei/cdr-list@^0.0.1":
  version "0.0.1"
  resolved "https://registry.yarnpkg.com/@rei/cdr-list/-/cdr-list-0.0.1.tgz#2100367cc34498b7de94951183dfa2e380354031"

"@rei/cdr-radio@^0.0.1":
  version "0.0.1"
  resolved "https://registry.yarnpkg.com/@rei/cdr-radio/-/cdr-radio-0.0.1.tgz#9df47cd06360464f5e7f8a3395d9f22c34be7141"

"@rei/cdr-rating@^0.0.1":
  version "0.0.1"
  resolved "https://registry.yarnpkg.com/@rei/cdr-rating/-/cdr-rating-0.0.1.tgz#0dcf9ca41e5eade331f0f2892a3f3959c31f199d"

"@rei/cdr-row@^0.0.1":
  version "0.0.1"
  resolved "https://registry.yarnpkg.com/@rei/cdr-row/-/cdr-row-0.0.1.tgz#48af7e3125f5546630338b259af6e3d3329355a8"

"@rei/cdr-select@^0.0.1":
  version "0.0.1"
  resolved "https://registry.yarnpkg.com/@rei/cdr-select/-/cdr-select-0.0.1.tgz#8e42fed496fe51a2b727298c9ac93a3b4a8b3e62"

pkg-ok@^1.1.0:
  version "1.1.0"
  resolved "https://registry.yarnpkg.com/pkg-ok/-/pkg-ok-1.1.0.tgz#0698b66d248183f7e3f2529262eeacdff7cef371"
