# THIS IS AN AUTOGENERATED FILE. DO NOT EDIT THIS FILE DIRECTLY.
# yarn lockfile v1


"@rei-co-op/cedar-a@^0.0.2":
  version "0.0.2"
  resolved "https://registry.yarnpkg.com/@rei-co-op/cedar-a/-/cedar-a-0.0.2.tgz#06e01976ecd9364a3ae6f05c39ee20b8458a4113"
  dependencies:
    vue-hot-reload-api "^2.1.1"

"@rei-co-op/cedar-button@^0.0.3":
  version "0.0.3"
  resolved "https://registry.yarnpkg.com/@rei-co-op/cedar-button/-/cedar-button-0.0.3.tgz#f3a32cc46a50aac4f55ee099a1c0b0a80b99eca8"
  dependencies:
    vue-hot-reload-api "^2.1.1"

"@rei-co-op/cedar-card@^0.0.3":
  version "0.0.3"
  resolved "https://registry.yarnpkg.com/@rei-co-op/cedar-card/-/cedar-card-0.0.3.tgz#7c73ba416930d617e14eff6f0ede48ef0aee4269"
  dependencies:
    vue-hot-reload-api "^2.1.1"
    yarn "^1.2.1"

"@rei-co-op/cedar-checkbox@^0.0.3":
  version "0.0.3"
  resolved "https://registry.yarnpkg.com/@rei-co-op/cedar-checkbox/-/cedar-checkbox-0.0.3.tgz#8f99c48380ff2b212c07e8d0f43ade4dfa6b19b7"
  dependencies:
    vue-hot-reload-api "^2.1.1"
    yarn "^1.2.1"

"@rei-co-op/cedar-column@^0.0.3":
  version "0.0.3"
  resolved "https://registry.yarnpkg.com/@rei-co-op/cedar-column/-/cedar-column-0.0.3.tgz#acdf27125fad019f691b0cf96f6c4bdea9e9b842"
  dependencies:
    vue-hot-reload-api "^2.1.1"
    yarn "^1.2.1"

"@rei-co-op/cedar-heading@^0.0.3":
  version "0.0.3"
  resolved "https://registry.yarnpkg.com/@rei-co-op/cedar-heading/-/cedar-heading-0.0.3.tgz#8d1901f97bf34293468ec59aba9b005589bf553e"
  dependencies:
    vue-hot-reload-api "^2.1.1"
    yarn "^1.2.1"

"@rei-co-op/cedar-icon@^0.0.3":
  version "0.0.3"
  resolved "https://registry.yarnpkg.com/@rei-co-op/cedar-icon/-/cedar-icon-0.0.3.tgz#9beedc3bebd96bd19c271903e019ab0a8d169d31"
  dependencies:
    vue-hot-reload-api "^2.1.1"
    yarn "^1.2.1"

"@rei-co-op/cedar-image@^0.0.3":
  version "0.0.3"
  resolved "https://registry.yarnpkg.com/@rei-co-op/cedar-image/-/cedar-image-0.0.3.tgz#90a58296d77e34a48b35f6ca215d0acc4f529c9a"
  dependencies:
    vue-hot-reload-api "^2.1.1"
    yarn "^1.2.1"

"@rei-co-op/cedar-input@^0.0.3":
  version "0.0.3"
  resolved "https://registry.yarnpkg.com/@rei-co-op/cedar-input/-/cedar-input-0.0.3.tgz#50e704410316b1314443a938f02bc08768de7ed3"
  dependencies:
    vue-hot-reload-api "^2.1.1"
    yarn "^1.2.1"

"@rei-co-op/cedar-list@^0.0.3":
  version "0.0.3"
  resolved "https://registry.yarnpkg.com/@rei-co-op/cedar-list/-/cedar-list-0.0.3.tgz#125c8cd443b52846cb85ae1b71f28a06abe73387"
  dependencies:
    vue-hot-reload-api "^2.1.1"
    yarn "^1.2.1"

"@rei-co-op/cedar-radio@^0.0.3":
  version "0.0.3"
  resolved "https://registry.yarnpkg.com/@rei-co-op/cedar-radio/-/cedar-radio-0.0.3.tgz#4401aec5ef54c3ac0302c8a0a7a79e7ccbdd71ee"
  dependencies:
    vue-hot-reload-api "^2.1.1"
    yarn "^1.2.1"

"@rei-co-op/cedar-rating@^0.0.3":
  version "0.0.3"
  resolved "https://registry.yarnpkg.com/@rei-co-op/cedar-rating/-/cedar-rating-0.0.3.tgz#9ebf058004fc1ce29aa6c31ef206270cc337f658"
  dependencies:
    vue-hot-reload-api "^2.1.1"
    yarn "^1.2.1"

"@rei-co-op/cedar-row@^0.0.3":
  version "0.0.3"
  resolved "https://registry.yarnpkg.com/@rei-co-op/cedar-row/-/cedar-row-0.0.3.tgz#8bb48fccca33c84ae6e99cc994fc2bd8e3563312"
  dependencies:
    vue-hot-reload-api "^2.1.1"
    yarn "^1.2.1"

"@rei-co-op/cedar-select@^0.0.3":
  version "0.0.3"
  resolved "https://registry.yarnpkg.com/@rei-co-op/cedar-select/-/cedar-select-0.0.3.tgz#dfe0a7c58eac776b64fd18db68b0c6c220dbb5ba"
  dependencies:
    vue-hot-reload-api "^2.1.1"
    yarn "^1.2.1"

vue-hot-reload-api@^2.1.1:
  version "2.2.0"
  resolved "https://registry.yarnpkg.com/vue-hot-reload-api/-/vue-hot-reload-api-2.2.0.tgz#9a21b35ced3634434a43ee80efb7350ea8fb206d"

yarn@^1.2.1, yarn@^1.3.2:
  version "1.3.2"
  resolved "https://registry.yarnpkg.com/yarn/-/yarn-1.3.2.tgz#5939762581b5b4ddcd3418c0f6be42df3aee195f"
