# THIS IS AN AUTOGENERATED FILE. DO NOT EDIT THIS FILE DIRECTLY.
# yarn lockfile v1


"@rei-co-op/cedar-a@^0.0.4":
  version "0.0.4"
  resolved "https://registry.yarnpkg.com/@rei-co-op/cedar-a/-/cedar-a-0.0.4.tgz#051200f3a439a2b988e252c0fd6ff4333db7cbbf"

"@rei-co-op/cedar-button@^0.0.5":
  version "0.0.5"
  resolved "https://registry.yarnpkg.com/@rei-co-op/cedar-button/-/cedar-button-0.0.5.tgz#5bfc829d736f155b88453b9eb0003f53d35fbc5f"

"@rei-co-op/cedar-card@^0.0.5":
  version "0.0.5"
  resolved "https://registry.yarnpkg.com/@rei-co-op/cedar-card/-/cedar-card-0.0.5.tgz#0fa792bee1f113818c9f093bafe7c259238be9b0"

"@rei-co-op/cedar-checkbox@^0.0.5":
  version "0.0.5"
  resolved "https://registry.yarnpkg.com/@rei-co-op/cedar-checkbox/-/cedar-checkbox-0.0.5.tgz#e5a09b48c37c450abee8aae02d7f336627eb6b19"

"@rei-co-op/cedar-column@^0.0.5":
  version "0.0.5"
  resolved "https://registry.yarnpkg.com/@rei-co-op/cedar-column/-/cedar-column-0.0.5.tgz#b4ed43561b0dbda810241f1fa89146b14c789254"

"@rei-co-op/cedar-heading@^0.0.5":
  version "0.0.5"
  resolved "https://registry.yarnpkg.com/@rei-co-op/cedar-heading/-/cedar-heading-0.0.5.tgz#54b1ba42699f05dd2b828eca0534ec4b6add66e0"

"@rei-co-op/cedar-icon@^0.0.5":
  version "0.0.5"
  resolved "https://registry.yarnpkg.com/@rei-co-op/cedar-icon/-/cedar-icon-0.0.5.tgz#c596054dd9a246efc10b7181059ae4c342f0e83d"

"@rei-co-op/cedar-image@^0.0.5":
  version "0.0.5"
  resolved "https://registry.yarnpkg.com/@rei-co-op/cedar-image/-/cedar-image-0.0.5.tgz#365d44ba194cf18a081341b8cdf301732438ea5d"

"@rei-co-op/cedar-input@^0.0.5":
  version "0.0.5"
  resolved "https://registry.yarnpkg.com/@rei-co-op/cedar-input/-/cedar-input-0.0.5.tgz#1e13e0ba7b64dbe892a074bd3081ab1c11a09b10"

"@rei-co-op/cedar-list@^0.0.6":
  version "0.0.6"
  resolved "https://registry.yarnpkg.com/@rei-co-op/cedar-list/-/cedar-list-0.0.6.tgz#b2b6c6dca18db0f95e9f47d197ad1b2766a8feab"

"@rei-co-op/cedar-radio@^0.0.6":
  version "0.0.6"
  resolved "https://registry.yarnpkg.com/@rei-co-op/cedar-radio/-/cedar-radio-0.0.6.tgz#9a8ce6adb31eb8588a26077df38d8c6407fa4d70"

"@rei-co-op/cedar-rating@^0.0.6":
  version "0.0.6"
  resolved "https://registry.yarnpkg.com/@rei-co-op/cedar-rating/-/cedar-rating-0.0.6.tgz#01b8609ec2312a42a6d1741b6b1c43c24ab90d4e"

"@rei-co-op/cedar-row@^0.0.5":
  version "0.0.5"
  resolved "https://registry.yarnpkg.com/@rei-co-op/cedar-row/-/cedar-row-0.0.5.tgz#6084c91d522b3c82d9470c93cdcd29de33ef096b"

"@rei-co-op/cedar-select@^0.0.6":
  version "0.0.6"
  resolved "https://registry.yarnpkg.com/@rei-co-op/cedar-select/-/cedar-select-0.0.6.tgz#6917fb0548362210b57ddcb2af3b72a1b51884dc"

yarn@^1.3.2:
  version "1.3.2"
  resolved "https://registry.yarnpkg.com/yarn/-/yarn-1.3.2.tgz#5939762581b5b4ddcd3418c0f6be42df3aee195f"
