{
	"name": "@rei/cdr-media-object",
	"version": "0.1.1",
	"lockfileVersion": 1,
	"requires": true,
	"dependencies": {
		"@rei/cdr-assets": {
			"version": "0.1.0",
			"resolved": "https://registry.npmjs.org/@rei/cdr-assets/-/cdr-assets-0.1.0.tgz",
			"integrity": "sha512-tQCfpIvtKINFkGTymEn7Jd75uW+Xo9bAUQ+LhKu9bNjDnB2gEqtKmmcRrk/EESwHEXrPnNHh3mHVe/J8I4PUVA==",
			"dev": true
		},
		"@rei/cdr-icon": {
			"version": "0.1.0",
			"resolved": "https://registry.npmjs.org/@rei/cdr-icon/-/cdr-icon-0.1.0.tgz",
			"integrity": "sha512-jurZttZ7/MLR/tBdpy+aChtr+wvIOFCYskhxzUvQyEjZjkfO/Jmob7w1QREpr+TGa+mZHmJLLrp9nHN+R+La2w==",
			"dev": true
		},
		"@rei/cdr-img": {
			"version": "1.0.0-alpha.1",
			"resolved": "https://registry.npmjs.org/@rei/cdr-img/-/cdr-img-1.0.0-alpha.1.tgz",
			"integrity": "sha512-ZbwW3wiVc7GTGoJ5vEzUh0fBZoWJMYGkJ+/aIIoIf0njcoYVa1NDdx6ivznwHQm1eH8LCa4iYOhp9416A3NP6g==",
			"dev": true
		},
		"@rei/cdr-link": {
			"version": "0.1.0",
			"resolved": "https://registry.npmjs.org/@rei/cdr-link/-/cdr-link-0.1.0.tgz",
			"integrity": "sha512-NopFBDlUNgQIlHPW4gjNZQ5aQR2yaNZLmMr8woQWWMB0fGD/ujLhbw3JnJHHVaBNdJmIPDPfCOMUn/f+b/iFhQ==",
			"dev": true,
			"requires": {
				"@rei/cdr-icon": "0.1.0"
			}
		},
		"pkg-ok": {
			"version": "1.1.0",
			"resolved": "https://registry.npmjs.org/pkg-ok/-/pkg-ok-1.1.0.tgz",
			"integrity": "sha1-Bpi2bSSBg/fj8lKSYu6s3/fO83E=",
			"dev": true
		}
	}
}
