{
	"name": "@rei/cdr-media-object",
	"version": "0.0.1",
	"lockfileVersion": 1,
	"requires": true,
	"dependencies": {
		"@rei/cdr-a": {
			"version": "0.0.1",
			"resolved": "https://registry.npmjs.org/@rei/cdr-a/-/cdr-a-0.0.1.tgz",
			"integrity": "sha512-wUX8ksRgIRpF2DcZq0Bo7eAAvzS6o9nvaOTqIfMdsVLXcMXgDN+Q5cRvTolo1v/RiUIGs6WitHqB+33I6WjMng==",
			"dev": true
		},
		"@rei/cdr-icon": {
			"version": "0.0.2",
			"resolved": "https://registry.npmjs.org/@rei/cdr-icon/-/cdr-icon-0.0.2.tgz",
			"integrity": "sha512-/n22csO5kh6uoEn9hUcdt3B0dA/bggx9C/2oOBqYb3cgXyDuoyJ4rtGkDBWJB1co/sVxawz1p+ZnvAzG5qA6TA==",
			"dev": true
		},
		"@rei/cdr-img": {
			"version": "0.0.1",
			"resolved": "https://registry.npmjs.org/@rei/cdr-img/-/cdr-img-0.0.1.tgz",
			"integrity": "sha512-qs9jkLz3VTr2xAFBiPvHTgs/d3ZTlmL3++LDgWe0aqkiV8resnPAu3XbPF8a/BDBvUpUxV0uBmSrH1rjZVq8dw==",
			"dev": true
		},
		"pkg-ok": {
			"version": "1.1.0",
			"resolved": "https://registry.npmjs.org/pkg-ok/-/pkg-ok-1.1.0.tgz",
			"integrity": "sha1-Bpi2bSSBg/fj8lKSYu6s3/fO83E=",
			"dev": true
		}
	}
}
