# THIS IS AN AUTOGENERATED FILE. DO NOT EDIT THIS FILE DIRECTLY.
# yarn lockfile v1


"@rei-co-op/cedar-a@^0.0.3":
  version "0.0.3"
  resolved "https://registry.yarnpkg.com/@rei-co-op/cedar-a/-/cedar-a-0.0.3.tgz#4877c70dba166ae76c2caeb96513578fa5f9c8a7"

"@rei-co-op/cedar-icon@^0.0.4":
  version "0.0.4"
  resolved "https://registry.yarnpkg.com/@rei-co-op/cedar-icon/-/cedar-icon-0.0.4.tgz#7958b0042d19090e87f05d8635a809a9ae29fee5"

"@rei-co-op/cedar-image@^0.0.4":
  version "0.0.4"
  resolved "https://registry.yarnpkg.com/@rei-co-op/cedar-image/-/cedar-image-0.0.4.tgz#70460ad76823885d20e1d97e1d2b58485bf1666b"
