# THIS IS AN AUTOGENERATED FILE. DO NOT EDIT THIS FILE DIRECTLY.
# yarn lockfile v1


"@rei-co-op/cedar-a@^0.0.6":
  version "0.0.6"
  resolved "https://registry.yarnpkg.com/@rei-co-op/cedar-a/-/cedar-a-0.0.6.tgz#25b58f8de860bbd74b3c693990059f1fa7b3acb7"

"@rei-co-op/cedar-icon@^0.0.7":
  version "0.0.7"
  resolved "https://registry.yarnpkg.com/@rei-co-op/cedar-icon/-/cedar-icon-0.0.7.tgz#cf703f6ba5acd03db2826a406bb65f76f2cbc354"

"@rei-co-op/cedar-image@^0.0.7":
  version "0.0.7"
  resolved "https://registry.yarnpkg.com/@rei-co-op/cedar-image/-/cedar-image-0.0.7.tgz#d49b20b780100bf45945370bbba341ef2db4ccbf"

pkg-ok@^1.1.0:
  version "1.1.0"
  resolved "https://registry.yarnpkg.com/pkg-ok/-/pkg-ok-1.1.0.tgz#0698b66d248183f7e3f2529262eeacdff7cef371"
