{
	"name": "@rei/cdr-col",
	"version": "0.0.1",
	"lockfileVersion": 1,
	"requires": true,
	"dependencies": {
		"@rei/cdr-row": {
			"version": "0.0.1",
			"resolved": "https://registry.npmjs.org/@rei/cdr-row/-/cdr-row-0.0.1.tgz",
			"integrity": "sha512-hS1lCVtM4AYETGy/8WrBwuC9QIuLL0BaJkeASU1zICCuaWkWv5rnQc0pCQ9bUqWD/kyoMbFdxe8WAOrmKWbX4A==",
			"dev": true
		},
		"pkg-ok": {
			"version": "1.1.0",
			"resolved": "https://registry.npmjs.org/pkg-ok/-/pkg-ok-1.1.0.tgz",
			"integrity": "sha1-Bpi2bSSBg/fj8lKSYu6s3/fO83E=",
			"dev": true
		}
	}
}
