# THIS IS AN AUTOGENERATED FILE. DO NOT EDIT THIS FILE DIRECTLY.
# yarn lockfile v1


"@rei-co-op/cedar-row@^0.0.7":
  version "0.0.7"
  resolved "https://registry.yarnpkg.com/@rei-co-op/cedar-row/-/cedar-row-0.0.7.tgz#2496c679be141aa6cb05c4a5b6194923e36b3703"

pkg-ok@^1.1.0:
  version "1.1.0"
  resolved "https://registry.yarnpkg.com/pkg-ok/-/pkg-ok-1.1.0.tgz#0698b66d248183f7e3f2529262eeacdff7cef371"
