# THIS IS AN AUTOGENERATED FILE. DO NOT EDIT THIS FILE DIRECTLY.
# yarn lockfile v1


"@rei-co-op/cedar-row@^0.0.2":
  version "0.0.2"
  resolved "https://registry.yarnpkg.com/@rei-co-op/cedar-row/-/cedar-row-0.0.2.tgz#bee8264f062d475f0fb558b79ab3c0ac30fa5fca"
  dependencies:
    vue-hot-reload-api "^2.1.1"
    yarn "^1.2.1"

vue-hot-reload-api@^2.1.1:
  version "2.2.0"
  resolved "https://registry.yarnpkg.com/vue-hot-reload-api/-/vue-hot-reload-api-2.2.0.tgz#9a21b35ced3634434a43ee80efb7350ea8fb206d"

yarn@^1.2.1:
  version "1.2.1"
  resolved "https://registry.yarnpkg.com/yarn/-/yarn-1.2.1.tgz#0d628dc01438881a1663a6f83cbf7ac5db7a75fc"
