{
	"requires": true,
	"lockfileVersion": 1,
	"dependencies": {
		"@rei/cdr-assets": {
			"version": "0.1.0",
			"resolved": "https://registry.npmjs.org/@rei/cdr-assets/-/cdr-assets-0.1.0.tgz",
			"integrity": "sha512-tQCfpIvtKINFkGTymEn7Jd75uW+Xo9bAUQ+LhKu9bNjDnB2gEqtKmmcRrk/EESwHEXrPnNHh3mHVe/J8I4PUVA=="
		},
		"@rei/cdr-icon": {
			"version": "0.1.0",
			"resolved": "https://registry.npmjs.org/@rei/cdr-icon/-/cdr-icon-0.1.0.tgz",
			"integrity": "sha512-jurZttZ7/MLR/tBdpy+aChtr+wvIOFCYskhxzUvQyEjZjkfO/Jmob7w1QREpr+TGa+mZHmJLLrp9nHN+R+La2w=="
		},
		"@rei/cdr-text": {
			"version": "0.2.1",
			"resolved": "https://registry.npmjs.org/@rei/cdr-text/-/cdr-text-0.2.1.tgz",
			"integrity": "sha512-dClweP7snZ7NNevokdAEtkJzbZgDdtqmy+hjrhUHi7tgS3OX8DigJonUK/FJQgajHMS62503hZPk7iQeV7sf4w=="
		},
		"pkg-ok": {
			"version": "1.1.0",
			"resolved": "https://registry.npmjs.org/pkg-ok/-/pkg-ok-1.1.0.tgz",
			"integrity": "sha1-Bpi2bSSBg/fj8lKSYu6s3/fO83E="
		}
	}
}
