{
  "name": "@rei-co-op/cedar-activity-card",
  "version": "0.0.5",
  "lockfileVersion": 1,
  "requires": true,
  "dependencies": {
    "@rei-co-op/cedar-card": {
      "version": "0.0.2",
      "resolved": "https://registry.npmjs.org/@rei-co-op/cedar-card/-/cedar-card-0.0.2.tgz",
      "integrity": "sha512-FESXsxR8qDO5VMPb+vFae3+q73D21QgYVDznvkWBquOz3gNAnUxDbZe1j9rnHa6yQwxJCu9Z71mw2Cfd3yK6bQ==",
      "requires": {
        "vue-hot-reload-api": "2.2.3",
        "yarn": "1.3.2"
      }
    },
    "@rei-co-op/cedar-heading": {
      "version": "0.0.2",
      "resolved": "https://registry.npmjs.org/@rei-co-op/cedar-heading/-/cedar-heading-0.0.2.tgz",
      "integrity": "sha512-1sk2Qun9C9G/yEGYuJ9y9jCqKBccUEQ5hcxEIhsWjW94UDcrPyfdPo0p35+4NrlIj6gd99PmOI6BsYZ4ftB94w==",
      "requires": {
        "vue-hot-reload-api": "2.2.3",
        "yarn": "1.3.2"
      }
    },
    "@rei-co-op/cedar-icon": {
      "version": "0.0.2",
      "resolved": "https://registry.npmjs.org/@rei-co-op/cedar-icon/-/cedar-icon-0.0.2.tgz",
      "integrity": "sha512-JFnNZj+O46ZDzy6cc8pyFjiT1jhKIENhRbtuCpJ0X3NhjBElsRP7bzjb7a3YtZOt5KZfsfe5sI9iKlK4NO2O+Q==",
      "requires": {
        "vue-hot-reload-api": "2.2.3",
        "yarn": "1.3.2"
      }
    },
    "@rei-co-op/cedar-image": {
      "version": "0.0.2",
      "resolved": "https://registry.npmjs.org/@rei-co-op/cedar-image/-/cedar-image-0.0.2.tgz",
      "integrity": "sha512-Y+N6rhNeSn0VdXKbM1gvoEhBudSO/EgS4h68+tvmGYjatLfafQKtb6OJJqRQZG5+WraDpnf4ostNLMvUynZSeQ==",
      "requires": {
        "vue-hot-reload-api": "2.2.3",
        "yarn": "1.3.2"
      }
    },
    "@rei-co-op/cedar-list": {
      "version": "0.0.2",
      "resolved": "https://registry.npmjs.org/@rei-co-op/cedar-list/-/cedar-list-0.0.2.tgz",
      "integrity": "sha512-/kBOYVA7pFtpDFRPPZuALb4DKI/vMcc+bzPS07sg5L/XXGGXNtqbmb07ncmH6QJ6BQoYTxXpBcfAWZuALS+MkQ==",
      "requires": {
        "vue-hot-reload-api": "2.2.3",
        "yarn": "1.3.2"
      }
    },
    "@rei-co-op/cedar-media-object": {
      "version": "0.0.2",
      "resolved": "https://registry.npmjs.org/@rei-co-op/cedar-media-object/-/cedar-media-object-0.0.2.tgz",
      "integrity": "sha512-FRteANC4qysXYL3eH3qP9g2mEqCwUbyiZGBl9J0pD1T0a6eUV6F9XK2/gcNkmTD+ykeux2LpFm9LU3jgJ9E6Ew==",
      "requires": {
        "vue-hot-reload-api": "2.2.3",
        "yarn": "1.3.2"
      }
    },
    "@rei-co-op/cedar-rating": {
      "version": "0.0.2",
      "resolved": "https://registry.npmjs.org/@rei-co-op/cedar-rating/-/cedar-rating-0.0.2.tgz",
      "integrity": "sha512-GzFTb3iBrlRnokKXEZtTC8AbmpNqBcKbAqmMQK0zV13MvOa6HJ0nxiOBVHsMNTTmRYhSK0s2TdlOUUl1p9Yh1Q==",
      "requires": {
        "vue-hot-reload-api": "2.2.3",
        "yarn": "1.3.2"
      }
    },
    "ansi-regex": {
      "version": "2.1.1",
      "resolved": "https://registry.npmjs.org/ansi-regex/-/ansi-regex-2.1.1.tgz",
      "integrity": "sha1-w7M6te42DYbg5ijwRorn7yfWVN8=",
      "dev": true
    },
    "ansi-styles": {
      "version": "2.2.1",
      "resolved": "https://registry.npmjs.org/ansi-styles/-/ansi-styles-2.2.1.tgz",
      "integrity": "sha1-tDLdM1i2NM914eRmQ2gkBTPB3b4=",
      "dev": true
    },
    "chalk": {
      "version": "1.1.3",
      "resolved": "https://registry.npmjs.org/chalk/-/chalk-1.1.3.tgz",
      "integrity": "sha1-qBFcVeSnAv5NFQq9OHKCKn4J/Jg=",
      "dev": true,
      "requires": {
        "ansi-styles": "2.2.1",
        "escape-string-regexp": "1.0.5",
        "has-ansi": "2.0.0",
        "strip-ansi": "3.0.1",
        "supports-color": "2.0.0"
      }
    },
    "escape-string-regexp": {
      "version": "1.0.5",
      "resolved": "https://registry.npmjs.org/escape-string-regexp/-/escape-string-regexp-1.0.5.tgz",
      "integrity": "sha1-G2HAViGQqN/2rjuyzwIAyhMLhtQ=",
      "dev": true
    },
    "has-ansi": {
      "version": "2.0.0",
      "resolved": "https://registry.npmjs.org/has-ansi/-/has-ansi-2.0.0.tgz",
      "integrity": "sha1-NPUEnOHs3ysGSa8+8k5F7TVBbZE=",
      "dev": true,
      "requires": {
        "ansi-regex": "2.1.1"
      }
    },
    "npm-install-peers": {
      "version": "1.2.0",
      "resolved": "https://registry.npmjs.org/npm-install-peers/-/npm-install-peers-1.2.0.tgz",
      "integrity": "sha512-U8hQ5M45qJcLWPplSVNkFqqfnMxSN8WSLOb7hyWUiaQ2k+Bgyxn+G24yNpQXGUOysMNeKT7OTdJISG9Ei5PMFA==",
      "dev": true,
      "requires": {
        "chalk": "1.1.3"
      }
    },
    "strip-ansi": {
      "version": "3.0.1",
      "resolved": "https://registry.npmjs.org/strip-ansi/-/strip-ansi-3.0.1.tgz",
      "integrity": "sha1-ajhfuIU9lS1f8F0Oiq+UJ43GPc8=",
      "dev": true,
      "requires": {
        "ansi-regex": "2.1.1"
      }
    },
    "supports-color": {
      "version": "2.0.0",
      "resolved": "https://registry.npmjs.org/supports-color/-/supports-color-2.0.0.tgz",
      "integrity": "sha1-U10EXOa2Nj+kARcIRimZXp3zJMc=",
      "dev": true
    },
    "vue-hot-reload-api": {
      "version": "2.2.3",
      "resolved": "https://registry.npmjs.org/vue-hot-reload-api/-/vue-hot-reload-api-2.2.3.tgz",
      "integrity": "sha512-LNdf9SYan0S8DurNuMzBE6yZGI8B42CRvpm7OtyH3OkhYYlNZOqcLAYsPszsxKnLfo5p93Oszw4qSwbHTJdrow=="
    },
    "yarn": {
      "version": "1.3.2",
      "resolved": "https://registry.npmjs.org/yarn/-/yarn-1.3.2.tgz",
      "integrity": "sha1-WTl2JYG1tN3NNBjA9r5C3zruGV8="
    }
  }
}
