# THIS IS AN AUTOGENERATED FILE. DO NOT EDIT THIS FILE DIRECTLY.
# yarn lockfile v1


"@rei-co-op/cedar-card@^0.0.6":
  version "0.0.6"
  resolved "https://registry.yarnpkg.com/@rei-co-op/cedar-card/-/cedar-card-0.0.6.tgz#0bb3ffc314fa7235ced569ddecfcefd76f0ebc5b"

"@rei-co-op/cedar-heading@^0.0.5":
  version "0.0.5"
  resolved "https://registry.yarnpkg.com/@rei-co-op/cedar-heading/-/cedar-heading-0.0.5.tgz#54b1ba42699f05dd2b828eca0534ec4b6add66e0"

"@rei-co-op/cedar-icon@^0.0.5":
  version "0.0.5"
  resolved "https://registry.yarnpkg.com/@rei-co-op/cedar-icon/-/cedar-icon-0.0.5.tgz#c596054dd9a246efc10b7181059ae4c342f0e83d"

"@rei-co-op/cedar-image@^0.0.5":
  version "0.0.5"
  resolved "https://registry.yarnpkg.com/@rei-co-op/cedar-image/-/cedar-image-0.0.5.tgz#365d44ba194cf18a081341b8cdf301732438ea5d"

"@rei-co-op/cedar-list@^0.0.6":
  version "0.0.6"
  resolved "https://registry.yarnpkg.com/@rei-co-op/cedar-list/-/cedar-list-0.0.6.tgz#b2b6c6dca18db0f95e9f47d197ad1b2766a8feab"

"@rei-co-op/cedar-media-object@^0.0.5":
  version "0.0.5"
  resolved "https://registry.yarnpkg.com/@rei-co-op/cedar-media-object/-/cedar-media-object-0.0.5.tgz#a162b074526cc8162b1b8db7efcc3e625a045ea5"

"@rei-co-op/cedar-rating@^0.0.6":
  version "0.0.6"
  resolved "https://registry.yarnpkg.com/@rei-co-op/cedar-rating/-/cedar-rating-0.0.6.tgz#01b8609ec2312a42a6d1741b6b1c43c24ab90d4e"
