# THIS IS AN AUTOGENERATED FILE. DO NOT EDIT THIS FILE DIRECTLY.
# yarn lockfile v1


"@rei-co-op/cedar-card@^0.0.8":
  version "0.0.8"
  resolved "https://registry.yarnpkg.com/@rei-co-op/cedar-card/-/cedar-card-0.0.8.tgz#1fef8bfeacb51dcc1e33e67679cecbae4c00e4c5"

"@rei-co-op/cedar-heading@^0.0.7":
  version "0.0.7"
  resolved "https://registry.yarnpkg.com/@rei-co-op/cedar-heading/-/cedar-heading-0.0.7.tgz#d41769196debc3cd59b4dbd924773075295b0066"

"@rei-co-op/cedar-icon@^0.0.7":
  version "0.0.7"
  resolved "https://registry.yarnpkg.com/@rei-co-op/cedar-icon/-/cedar-icon-0.0.7.tgz#cf703f6ba5acd03db2826a406bb65f76f2cbc354"

"@rei-co-op/cedar-image@^0.0.7":
  version "0.0.7"
  resolved "https://registry.yarnpkg.com/@rei-co-op/cedar-image/-/cedar-image-0.0.7.tgz#d49b20b780100bf45945370bbba341ef2db4ccbf"

"@rei-co-op/cedar-list@^0.0.9":
  version "0.0.9"
  resolved "https://registry.yarnpkg.com/@rei-co-op/cedar-list/-/cedar-list-0.0.9.tgz#3280a29d002116f2474b4feac58576ea96c23ace"

"@rei-co-op/cedar-media-object@^0.0.7":
  version "0.0.7"
  resolved "https://registry.yarnpkg.com/@rei-co-op/cedar-media-object/-/cedar-media-object-0.0.7.tgz#823edb034619a761b444836916c645fb76727e3d"

"@rei-co-op/cedar-rating@^0.0.8":
  version "0.0.8"
  resolved "https://registry.yarnpkg.com/@rei-co-op/cedar-rating/-/cedar-rating-0.0.8.tgz#c44c59984b7ef563dec95bbb117da94f8bfb5f44"

pkg-ok@^1.1.0:
  version "1.1.0"
  resolved "https://registry.yarnpkg.com/pkg-ok/-/pkg-ok-1.1.0.tgz#0698b66d248183f7e3f2529262eeacdff7cef371"
