{
	"name": "@rei/cdr-card",
	"version": "0.2.0",
	"lockfileVersion": 1,
	"requires": true,
	"dependencies": {
		"@rei/cdr-assets": {
			"version": "0.1.0",
			"resolved": "https://registry.npmjs.org/@rei/cdr-assets/-/cdr-assets-0.1.0.tgz",
			"integrity": "sha512-tQCfpIvtKINFkGTymEn7Jd75uW+Xo9bAUQ+LhKu9bNjDnB2gEqtKmmcRrk/EESwHEXrPnNHh3mHVe/J8I4PUVA==",
			"dev": true
		},
		"@rei/cdr-list": {
			"version": "1.0.0",
			"resolved": "https://registry.npmjs.org/@rei/cdr-list/-/cdr-list-1.0.0.tgz",
			"integrity": "sha512-zed1uwe6LbP8bpW1MH36xJXAVA3cpk9K5fwrPodUR92RDUCpnV3bSJx02VRQut3HfbJ96hwQ14Y/IyDJk7sJWw=="
		},
		"@rei/cdr-text": {
			"version": "1.0.0",
			"resolved": "https://registry.npmjs.org/@rei/cdr-text/-/cdr-text-1.0.0.tgz",
			"integrity": "sha512-U/2eo2fmIM2ulSOdTF5MuL/GYK217IvLgsAWKj4EnDECJo4Mp37b9rW0VA/ARWLpsbPOCFFuEIzlWvg10rQ0XQ=="
		},
		"pkg-ok": {
			"version": "1.1.0",
			"resolved": "https://registry.npmjs.org/pkg-ok/-/pkg-ok-1.1.0.tgz",
			"integrity": "sha1-Bpi2bSSBg/fj8lKSYu6s3/fO83E=",
			"dev": true
		},
		"vue": {
			"version": "2.5.17",
			"resolved": "https://registry.npmjs.org/vue/-/vue-2.5.17.tgz",
			"integrity": "sha512-mFbcWoDIJi0w0Za4emyLiW72Jae0yjANHbCVquMKijcavBGypqlF7zHRgMa5k4sesdv7hv2rB4JPdZfR+TPfhQ=="
		}
	}
}
