{
	"name": "@rei/cdr-card",
	"version": "0.2.2",
	"lockfileVersion": 1,
	"requires": true,
	"dependencies": {
		"@rei/cdr-assets": {
			"version": "0.3.0",
			"resolved": "https://registry.npmjs.org/@rei/cdr-assets/-/cdr-assets-0.3.0.tgz",
			"integrity": "sha512-SbmeOa1douxTwn6Ldhlj3Ityjq/uqghUyqTTqsHKFQPQVsktWXJZ86lT9m+X87m/Rd8vK6wRZdnCskLPMstPzg==",
			"dev": true
		},
		"@rei/cdr-img": {
			"version": "1.0.1",
			"resolved": "https://registry.npmjs.org/@rei/cdr-img/-/cdr-img-1.0.1.tgz",
			"integrity": "sha512-6pSQPYeFDQ1IzRepxtqulZJL9gy8Bfyd05Ylb2URQXGnFseF8X5IA9yVvON56fJUr/r4kQzvDm+WJ1kxniiTeA==",
			"dev": true,
			"requires": {
				"vue": "2.5.17"
			}
		},
		"@rei/cdr-list": {
			"version": "1.0.0",
			"resolved": "https://registry.npmjs.org/@rei/cdr-list/-/cdr-list-1.0.0.tgz",
			"integrity": "sha512-zed1uwe6LbP8bpW1MH36xJXAVA3cpk9K5fwrPodUR92RDUCpnV3bSJx02VRQut3HfbJ96hwQ14Y/IyDJk7sJWw==",
			"dev": true
		},
		"@rei/cdr-rating": {
			"version": "1.0.0-alpha.1",
			"resolved": "https://registry.npmjs.org/@rei/cdr-rating/-/cdr-rating-1.0.0-alpha.1.tgz",
			"integrity": "sha512-q72DA7LOnomRpU9p7vy4T7peRyW0Vy2aXJ7rsK6EOZnIh9kTtzrolmnlJnhRcS/BOEq7bIRuTbotmAbVD2kWkQ==",
			"dev": true
		},
		"@rei/cdr-text": {
			"version": "1.0.0",
			"resolved": "https://registry.npmjs.org/@rei/cdr-text/-/cdr-text-1.0.0.tgz",
			"integrity": "sha512-U/2eo2fmIM2ulSOdTF5MuL/GYK217IvLgsAWKj4EnDECJo4Mp37b9rW0VA/ARWLpsbPOCFFuEIzlWvg10rQ0XQ==",
			"dev": true
		},
		"pkg-ok": {
			"version": "1.1.0",
			"resolved": "https://registry.npmjs.org/pkg-ok/-/pkg-ok-1.1.0.tgz",
			"integrity": "sha1-Bpi2bSSBg/fj8lKSYu6s3/fO83E=",
			"dev": true
		},
		"vue": {
			"version": "2.5.17",
			"resolved": "https://registry.npmjs.org/vue/-/vue-2.5.17.tgz",
			"integrity": "sha512-mFbcWoDIJi0w0Za4emyLiW72Jae0yjANHbCVquMKijcavBGypqlF7zHRgMa5k4sesdv7hv2rB4JPdZfR+TPfhQ==",
			"dev": true
		}
	}
}
