# THIS IS AN AUTOGENERATED FILE. DO NOT EDIT THIS FILE DIRECTLY.
# yarn lockfile v1


"@rei-co-op/cedar-button@^0.0.5":
  version "0.0.5"
  resolved "https://registry.yarnpkg.com/@rei-co-op/cedar-button/-/cedar-button-0.0.5.tgz#5bfc829d736f155b88453b9eb0003f53d35fbc5f"

"@rei-co-op/cedar-input@^0.0.5":
  version "0.0.5"
  resolved "https://registry.yarnpkg.com/@rei-co-op/cedar-input/-/cedar-input-0.0.5.tgz#1e13e0ba7b64dbe892a074bd3081ab1c11a09b10"
