# THIS IS AN AUTOGENERATED FILE. DO NOT EDIT THIS FILE DIRECTLY.
# yarn lockfile v1


"@rei-co-op/cedar-button@^0.0.4":
  version "0.0.4"
  resolved "https://registry.yarnpkg.com/@rei-co-op/cedar-button/-/cedar-button-0.0.4.tgz#29e11372b020db20ec6380df9b344d469a64f011"

"@rei-co-op/cedar-input@^0.0.4":
  version "0.0.4"
  resolved "https://registry.yarnpkg.com/@rei-co-op/cedar-input/-/cedar-input-0.0.4.tgz#531eabb36787835a5870545aa655b0b677976e36"
