# THIS IS AN AUTOGENERATED FILE. DO NOT EDIT THIS FILE DIRECTLY.
# yarn lockfile v1


"@rei-co-op/cedar-button@^0.0.7":
  version "0.0.7"
  resolved "https://registry.yarnpkg.com/@rei-co-op/cedar-button/-/cedar-button-0.0.7.tgz#40ea9c456eb1f97da7ac13610d1c03d244823da1"

"@rei-co-op/cedar-input@^0.0.7":
  version "0.0.7"
  resolved "https://registry.yarnpkg.com/@rei-co-op/cedar-input/-/cedar-input-0.0.7.tgz#d92109b07bac87c2f4b68afa3436010f589caade"

pkg-ok@^1.1.0:
  version "1.1.0"
  resolved "https://registry.yarnpkg.com/pkg-ok/-/pkg-ok-1.1.0.tgz#0698b66d248183f7e3f2529262eeacdff7cef371"
